
Microsoft Visual Studio Solution File, Format Version 12.00
# Visual Studio Version 16
VisualStudioVersion = 16.0.29926.136
MinimumVisualStudioVersion = 10.0.40219.1
Project("{FAE04EC0-301F-11D3-BF4B-00C04F79EFBC}") = "Phoneword.UWP", "Phoneword.UWP\Phoneword.UWP.csproj", "{7D940FB6-AA49-4DD2-950E-C3322DE61AB3}"
EndProject
Project("{FAE04EC0-301F-11D3-BF4B-00C04F79EFBC}") = "Phoneword.Android", "Phoneword.Android\Phoneword.Android.csproj", "{4E87B377-A5D1-4CAA-8239-EBE3A4555EFC}"
EndProject
Project("{FAE04EC0-301F-11D3-BF4B-00C04F79EFBC}") = "Phoneword.iOS", "Phoneword.iOS\Phoneword.iOS.csproj", "{89EA82FD-9E86-48A0-BCFA-4C060278ED23}"
EndProject
Project("{FAE04EC0-301F-11D3-BF4B-00C04F79EFBC}") = "Phoneword.Web", "Phoneword.Web\Phoneword.Web.csproj", "{077BCD59-B0C3-4B64-BF40-687DBA7B8407}"
EndProject
Project("{FAE04EC0-301F-11D3-BF4B-00C04F79EFBC}") = "Phoneword", "Phoneword\Phoneword.csproj", "{FC122078-8E10-4766-BB88-6A342D5A92F2}"
EndProject
Global
	GlobalSection(SolutionConfigurationPlatforms) = preSolution
		Debug|Any CPU = Debug|Any CPU
		Debug|ARM = Debug|ARM
		Debug|iPhone = Debug|iPhone
		Debug|iPhoneSimulator = Debug|iPhoneSimulator
		Debug|x64 = Debug|x64
		Debug|x86 = Debug|x86
		Release|Any CPU = Release|Any CPU
		Release|ARM = Release|ARM
		Release|iPhone = Release|iPhone
		Release|iPhoneSimulator = Release|iPhoneSimulator
		Release|x64 = Release|x64
		Release|x86 = Release|x86
	EndGlobalSection
	GlobalSection(ProjectConfigurationPlatforms) = postSolution
		{7D940FB6-AA49-4DD2-950E-C3322DE61AB3}.Debug|Any CPU.ActiveCfg = Debug|x86
		{7D940FB6-AA49-4DD2-950E-C3322DE61AB3}.Debug|Any CPU.Build.0 = Debug|x86
		{7D940FB6-AA49-4DD2-950E-C3322DE61AB3}.Debug|Any CPU.Deploy.0 = Debug|x86
		{7D940FB6-AA49-4DD2-950E-C3322DE61AB3}.Debug|ARM.ActiveCfg = Debug|ARM
		{7D940FB6-AA49-4DD2-950E-C3322DE61AB3}.Debug|ARM.Build.0 = Debug|ARM
		{7D940FB6-AA49-4DD2-950E-C3322DE61AB3}.Debug|ARM.Deploy.0 = Debug|ARM
		{7D940FB6-AA49-4DD2-950E-C3322DE61AB3}.Debug|iPhone.ActiveCfg = Debug|x86
		{7D940FB6-AA49-4DD2-950E-C3322DE61AB3}.Debug|iPhone.Build.0 = Debug|x86
		{7D940FB6-AA49-4DD2-950E-C3322DE61AB3}.Debug|iPhone.Deploy.0 = Debug|x86
		{7D940FB6-AA49-4DD2-950E-C3322DE61AB3}.Debug|iPhoneSimulator.ActiveCfg = Debug|x86
		{7D940FB6-AA49-4DD2-950E-C3322DE61AB3}.Debug|iPhoneSimulator.Build.0 = Debug|x86
		{7D940FB6-AA49-4DD2-950E-C3322DE61AB3}.Debug|iPhoneSimulator.Deploy.0 = Debug|x86
		{7D940FB6-AA49-4DD2-950E-C3322DE61AB3}.Debug|x64.ActiveCfg = Debug|x64
		{7D940FB6-AA49-4DD2-950E-C3322DE61AB3}.Debug|x64.Build.0 = Debug|x64
		{7D940FB6-AA49-4DD2-950E-C3322DE61AB3}.Debug|x64.Deploy.0 = Debug|x64
		{7D940FB6-AA49-4DD2-950E-C3322DE61AB3}.Debug|x86.ActiveCfg = Debug|x86
		{7D940FB6-AA49-4DD2-950E-C3322DE61AB3}.Debug|x86.Build.0 = Debug|x86
		{7D940FB6-AA49-4DD2-950E-C3322DE61AB3}.Debug|x86.Deploy.0 = Debug|x86
		{7D940FB6-AA49-4DD2-950E-C3322DE61AB3}.Release|Any CPU.ActiveCfg = Release|x86
		{7D940FB6-AA49-4DD2-950E-C3322DE61AB3}.Release|Any CPU.Build.0 = Release|x86
		{7D940FB6-AA49-4DD2-950E-C3322DE61AB3}.Release|Any CPU.Deploy.0 = Release|x86
		{7D940FB6-AA49-4DD2-950E-C3322DE61AB3}.Release|ARM.ActiveCfg = Release|ARM
		{7D940FB6-AA49-4DD2-950E-C3322DE61AB3}.Release|ARM.Build.0 = Release|ARM
		{7D940FB6-AA49-4DD2-950E-C3322DE61AB3}.Release|ARM.Deploy.0 = Release|ARM
		{7D940FB6-AA49-4DD2-950E-C3322DE61AB3}.Release|iPhone.ActiveCfg = Release|x86
		{7D940FB6-AA49-4DD2-950E-C3322DE61AB3}.Release|iPhone.Build.0 = Release|x86
		{7D940FB6-AA49-4DD2-950E-C3322DE61AB3}.Release|iPhone.Deploy.0 = Release|x86
		{7D940FB6-AA49-4DD2-950E-C3322DE61AB3}.Release|iPhoneSimulator.ActiveCfg = Release|x86
		{7D940FB6-AA49-4DD2-950E-C3322DE61AB3}.Release|iPhoneSimulator.Build.0 = Release|x86
		{7D940FB6-AA49-4DD2-950E-C3322DE61AB3}.Release|iPhoneSimulator.Deploy.0 = Release|x86
		{7D940FB6-AA49-4DD2-950E-C3322DE61AB3}.Release|x64.ActiveCfg = Release|x64
		{7D940FB6-AA49-4DD2-950E-C3322DE61AB3}.Release|x64.Build.0 = Release|x64
		{7D940FB6-AA49-4DD2-950E-C3322DE61AB3}.Release|x64.Deploy.0 = Release|x64
		{7D940FB6-AA49-4DD2-950E-C3322DE61AB3}.Release|x86.ActiveCfg = Release|x86
		{7D940FB6-AA49-4DD2-950E-C3322DE61AB3}.Release|x86.Build.0 = Release|x86
		{7D940FB6-AA49-4DD2-950E-C3322DE61AB3}.Release|x86.Deploy.0 = Release|x86
		{4E87B377-A5D1-4CAA-8239-EBE3A4555EFC}.Debug|Any CPU.ActiveCfg = Debug|Any CPU
		{4E87B377-A5D1-4CAA-8239-EBE3A4555EFC}.Debug|Any CPU.Build.0 = Debug|Any CPU
		{4E87B377-A5D1-4CAA-8239-EBE3A4555EFC}.Debug|Any CPU.Deploy.0 = Debug|Any CPU
		{4E87B377-A5D1-4CAA-8239-EBE3A4555EFC}.Debug|ARM.ActiveCfg = Debug|Any CPU
		{4E87B377-A5D1-4CAA-8239-EBE3A4555EFC}.Debug|ARM.Build.0 = Debug|Any CPU
		{4E87B377-A5D1-4CAA-8239-EBE3A4555EFC}.Debug|ARM.Deploy.0 = Debug|Any CPU
		{4E87B377-A5D1-4CAA-8239-EBE3A4555EFC}.Debug|iPhone.ActiveCfg = Debug|Any CPU
		{4E87B377-A5D1-4CAA-8239-EBE3A4555EFC}.Debug|iPhone.Build.0 = Debug|Any CPU
		{4E87B377-A5D1-4CAA-8239-EBE3A4555EFC}.Debug|iPhone.Deploy.0 = Debug|Any CPU
		{4E87B377-A5D1-4CAA-8239-EBE3A4555EFC}.Debug|iPhoneSimulator.ActiveCfg = Debug|Any CPU
		{4E87B377-A5D1-4CAA-8239-EBE3A4555EFC}.Debug|iPhoneSimulator.Build.0 = Debug|Any CPU
		{4E87B377-A5D1-4CAA-8239-EBE3A4555EFC}.Debug|iPhoneSimulator.Deploy.0 = Debug|Any CPU
		{4E87B377-A5D1-4CAA-8239-EBE3A4555EFC}.Debug|x64.ActiveCfg = Debug|Any CPU
		{4E87B377-A5D1-4CAA-8239-EBE3A4555EFC}.Debug|x64.Build.0 = Debug|Any CPU
		{4E87B377-A5D1-4CAA-8239-EBE3A4555EFC}.Debug|x64.Deploy.0 = Debug|Any CPU
		{4E87B377-A5D1-4CAA-8239-EBE3A4555EFC}.Debug|x86.ActiveCfg = Debug|Any CPU
		{4E87B377-A5D1-4CAA-8239-EBE3A4555EFC}.Debug|x86.Build.0 = Debug|Any CPU
		{4E87B377-A5D1-4CAA-8239-EBE3A4555EFC}.Debug|x86.Deploy.0 = Debug|Any CPU
		{4E87B377-A5D1-4CAA-8239-EBE3A4555EFC}.Release|Any CPU.ActiveCfg = Release|Any CPU
		{4E87B377-A5D1-4CAA-8239-EBE3A4555EFC}.Release|Any CPU.Build.0 = Release|Any CPU
		{4E87B377-A5D1-4CAA-8239-EBE3A4555EFC}.Release|Any CPU.Deploy.0 = Release|Any CPU
		{4E87B377-A5D1-4CAA-8239-EBE3A4555EFC}.Release|ARM.ActiveCfg = Release|Any CPU
		{4E87B377-A5D1-4CAA-8239-EBE3A4555EFC}.Release|ARM.Build.0 = Release|Any CPU
		{4E87B377-A5D1-4CAA-8239-EBE3A4555EFC}.Release|ARM.Deploy.0 = Release|Any CPU
		{4E87B377-A5D1-4CAA-8239-EBE3A4555EFC}.Release|iPhone.ActiveCfg = Release|Any CPU
		{4E87B377-A5D1-4CAA-8239-EBE3A4555EFC}.Release|iPhone.Build.0 = Release|Any CPU
		{4E87B377-A5D1-4CAA-8239-EBE3A4555EFC}.Release|iPhone.Deploy.0 = Release|Any CPU
		{4E87B377-A5D1-4CAA-8239-EBE3A4555EFC}.Release|iPhoneSimulator.ActiveCfg = Release|Any CPU
		{4E87B377-A5D1-4CAA-8239-EBE3A4555EFC}.Release|iPhoneSimulator.Build.0 = Release|Any CPU
		{4E87B377-A5D1-4CAA-8239-EBE3A4555EFC}.Release|iPhoneSimulator.Deploy.0 = Release|Any CPU
		{4E87B377-A5D1-4CAA-8239-EBE3A4555EFC}.Release|x64.ActiveCfg = Release|Any CPU
		{4E87B377-A5D1-4CAA-8239-EBE3A4555EFC}.Release|x64.Build.0 = Release|Any CPU
		{4E87B377-A5D1-4CAA-8239-EBE3A4555EFC}.Release|x64.Deploy.0 = Release|Any CPU
		{4E87B377-A5D1-4CAA-8239-EBE3A4555EFC}.Release|x86.ActiveCfg = Release|Any CPU
		{4E87B377-A5D1-4CAA-8239-EBE3A4555EFC}.Release|x86.Build.0 = Release|Any CPU
		{4E87B377-A5D1-4CAA-8239-EBE3A4555EFC}.Release|x86.Deploy.0 = Release|Any CPU
		{89EA82FD-9E86-48A0-BCFA-4C060278ED23}.Debug|Any CPU.ActiveCfg = Debug|iPhone
		{89EA82FD-9E86-48A0-BCFA-4C060278ED23}.Debug|Any CPU.Build.0 = Debug|iPhone
		{89EA82FD-9E86-48A0-BCFA-4C060278ED23}.Debug|Any CPU.Deploy.0 = Debug|iPhone
		{89EA82FD-9E86-48A0-BCFA-4C060278ED23}.Debug|ARM.ActiveCfg = Debug|iPhone
		{89EA82FD-9E86-48A0-BCFA-4C060278ED23}.Debug|ARM.Build.0 = Debug|iPhone
		{89EA82FD-9E86-48A0-BCFA-4C060278ED23}.Debug|ARM.Deploy.0 = Debug|iPhone
		{89EA82FD-9E86-48A0-BCFA-4C060278ED23}.Debug|iPhone.ActiveCfg = Debug|iPhone
		{89EA82FD-9E86-48A0-BCFA-4C060278ED23}.Debug|iPhone.Build.0 = Debug|iPhone
		{89EA82FD-9E86-48A0-BCFA-4C060278ED23}.Debug|iPhone.Deploy.0 = Debug|iPhone
		{89EA82FD-9E86-48A0-BCFA-4C060278ED23}.Debug|iPhoneSimulator.ActiveCfg = Debug|iPhoneSimulator
		{89EA82FD-9E86-48A0-BCFA-4C060278ED23}.Debug|iPhoneSimulator.Build.0 = Debug|iPhoneSimulator
		{89EA82FD-9E86-48A0-BCFA-4C060278ED23}.Debug|iPhoneSimulator.Deploy.0 = Debug|iPhoneSimulator
		{89EA82FD-9E86-48A0-BCFA-4C060278ED23}.Debug|x64.ActiveCfg = Debug|iPhone
		{89EA82FD-9E86-48A0-BCFA-4C060278ED23}.Debug|x64.Build.0 = Debug|iPhone
		{89EA82FD-9E86-48A0-BCFA-4C060278ED23}.Debug|x64.Deploy.0 = Debug|iPhone
		{89EA82FD-9E86-48A0-BCFA-4C060278ED23}.Debug|x86.ActiveCfg = Debug|iPhone
		{89EA82FD-9E86-48A0-BCFA-4C060278ED23}.Debug|x86.Build.0 = Debug|iPhone
		{89EA82FD-9E86-48A0-BCFA-4C060278ED23}.Debug|x86.Deploy.0 = Debug|iPhone
		{89EA82FD-9E86-48A0-BCFA-4C060278ED23}.Release|Any CPU.ActiveCfg = Release|iPhone
		{89EA82FD-9E86-48A0-BCFA-4C060278ED23}.Release|Any CPU.Build.0 = Release|iPhone
		{89EA82FD-9E86-48A0-BCFA-4C060278ED23}.Release|Any CPU.Deploy.0 = Release|iPhone
		{89EA82FD-9E86-48A0-BCFA-4C060278ED23}.Release|ARM.ActiveCfg = Release|iPhone
		{89EA82FD-9E86-48A0-BCFA-4C060278ED23}.Release|ARM.Build.0 = Release|iPhone
		{89EA82FD-9E86-48A0-BCFA-4C060278ED23}.Release|ARM.Deploy.0 = Release|iPhone
		{89EA82FD-9E86-48A0-BCFA-4C060278ED23}.Release|iPhone.ActiveCfg = Release|iPhone
		{89EA82FD-9E86-48A0-BCFA-4C060278ED23}.Release|iPhone.Build.0 = Release|iPhone
		{89EA82FD-9E86-48A0-BCFA-4C060278ED23}.Release|iPhone.Deploy.0 = Release|iPhone
		{89EA82FD-9E86-48A0-BCFA-4C060278ED23}.Release|iPhoneSimulator.ActiveCfg = Release|iPhoneSimulator
		{89EA82FD-9E86-48A0-BCFA-4C060278ED23}.Release|iPhoneSimulator.Build.0 = Release|iPhoneSimulator
		{89EA82FD-9E86-48A0-BCFA-4C060278ED23}.Release|iPhoneSimulator.Deploy.0 = Release|iPhoneSimulator
		{89EA82FD-9E86-48A0-BCFA-4C060278ED23}.Release|x64.ActiveCfg = Release|iPhone
		{89EA82FD-9E86-48A0-BCFA-4C060278ED23}.Release|x64.Build.0 = Release|iPhone
		{89EA82FD-9E86-48A0-BCFA-4C060278ED23}.Release|x64.Deploy.0 = Release|iPhone
		{89EA82FD-9E86-48A0-BCFA-4C060278ED23}.Release|x86.ActiveCfg = Release|iPhone
		{89EA82FD-9E86-48A0-BCFA-4C060278ED23}.Release|x86.Build.0 = Release|iPhone
		{89EA82FD-9E86-48A0-BCFA-4C060278ED23}.Release|x86.Deploy.0 = Release|iPhone
		{077BCD59-B0C3-4B64-BF40-687DBA7B8407}.Debug|Any CPU.ActiveCfg = Debug|Any CPU
		{077BCD59-B0C3-4B64-BF40-687DBA7B8407}.Debug|Any CPU.Build.0 = Debug|Any CPU
		{077BCD59-B0C3-4B64-BF40-687DBA7B8407}.Debug|Any CPU.Deploy.0 = Debug|Any CPU
		{077BCD59-B0C3-4B64-BF40-687DBA7B8407}.Debug|ARM.ActiveCfg = Debug|Any CPU
		{077BCD59-B0C3-4B64-BF40-687DBA7B8407}.Debug|ARM.Build.0 = Debug|Any CPU
		{077BCD59-B0C3-4B64-BF40-687DBA7B8407}.Debug|ARM.Deploy.0 = Debug|Any CPU
		{077BCD59-B0C3-4B64-BF40-687DBA7B8407}.Debug|iPhone.ActiveCfg = Debug|Any CPU
		{077BCD59-B0C3-4B64-BF40-687DBA7B8407}.Debug|iPhone.Build.0 = Debug|Any CPU
		{077BCD59-B0C3-4B64-BF40-687DBA7B8407}.Debug|iPhone.Deploy.0 = Debug|Any CPU
		{077BCD59-B0C3-4B64-BF40-687DBA7B8407}.Debug|iPhoneSimulator.ActiveCfg = Debug|Any CPU
		{077BCD59-B0C3-4B64-BF40-687DBA7B8407}.Debug|iPhoneSimulator.Build.0 = Debug|Any CPU
		{077BCD59-B0C3-4B64-BF40-687DBA7B8407}.Debug|iPhoneSimulator.Deploy.0 = Debug|Any CPU
		{077BCD59-B0C3-4B64-BF40-687DBA7B8407}.Debug|x64.ActiveCfg = Debug|Any CPU
		{077BCD59-B0C3-4B64-BF40-687DBA7B8407}.Debug|x64.Build.0 = Debug|Any CPU
		{077BCD59-B0C3-4B64-BF40-687DBA7B8407}.Debug|x64.Deploy.0 = Debug|Any CPU
		{077BCD59-B0C3-4B64-BF40-687DBA7B8407}.Debug|x86.ActiveCfg = Debug|Any CPU
		{077BCD59-B0C3-4B64-BF40-687DBA7B8407}.Debug|x86.Build.0 = Debug|Any CPU
		{077BCD59-B0C3-4B64-BF40-687DBA7B8407}.Debug|x86.Deploy.0 = Debug|Any CPU
		{077BCD59-B0C3-4B64-BF40-687DBA7B8407}.Release|Any CPU.ActiveCfg = Release|Any CPU
		{077BCD59-B0C3-4B64-BF40-687DBA7B8407}.Release|Any CPU.Build.0 = Release|Any CPU
		{077BCD59-B0C3-4B64-BF40-687DBA7B8407}.Release|Any CPU.Deploy.0 = Release|Any CPU
		{077BCD59-B0C3-4B64-BF40-687DBA7B8407}.Release|ARM.ActiveCfg = Release|Any CPU
		{077BCD59-B0C3-4B64-BF40-687DBA7B8407}.Release|ARM.Build.0 = Release|Any CPU
		{077BCD59-B0C3-4B64-BF40-687DBA7B8407}.Release|ARM.Deploy.0 = Release|Any CPU
		{077BCD59-B0C3-4B64-BF40-687DBA7B8407}.Release|iPhone.ActiveCfg = Release|Any CPU
		{077BCD59-B0C3-4B64-BF40-687DBA7B8407}.Release|iPhone.Build.0 = Release|Any CPU
		{077BCD59-B0C3-4B64-BF40-687DBA7B8407}.Release|iPhone.Deploy.0 = Release|Any CPU
		{077BCD59-B0C3-4B64-BF40-687DBA7B8407}.Release|iPhoneSimulator.ActiveCfg = Release|Any CPU
		{077BCD59-B0C3-4B64-BF40-687DBA7B8407}.Release|iPhoneSimulator.Build.0 = Release|Any CPU
		{077BCD59-B0C3-4B64-BF40-687DBA7B8407}.Release|iPhoneSimulator.Deploy.0 = Release|Any CPU
		{077BCD59-B0C3-4B64-BF40-687DBA7B8407}.Release|x64.ActiveCfg = Release|Any CPU
		{077BCD59-B0C3-4B64-BF40-687DBA7B8407}.Release|x64.Build.0 = Release|Any CPU
		{077BCD59-B0C3-4B64-BF40-687DBA7B8407}.Release|x64.Deploy.0 = Release|Any CPU
		{077BCD59-B0C3-4B64-BF40-687DBA7B8407}.Release|x86.ActiveCfg = Release|Any CPU
		{077BCD59-B0C3-4B64-BF40-687DBA7B8407}.Release|x86.Build.0 = Release|Any CPU
		{077BCD59-B0C3-4B64-BF40-687DBA7B8407}.Release|x86.Deploy.0 = Release|Any CPU
		{FC122078-8E10-4766-BB88-6A342D5A92F2}.Debug|Any CPU.ActiveCfg = Debug|Any CPU
		{FC122078-8E10-4766-BB88-6A342D5A92F2}.Debug|Any CPU.Build.0 = Debug|Any CPU
		{FC122078-8E10-4766-BB88-6A342D5A92F2}.Debug|Any CPU.Deploy.0 = Debug|Any CPU
		{FC122078-8E10-4766-BB88-6A342D5A92F2}.Debug|ARM.ActiveCfg = Debug|Any CPU
		{FC122078-8E10-4766-BB88-6A342D5A92F2}.Debug|ARM.Build.0 = Debug|Any CPU
		{FC122078-8E10-4766-BB88-6A342D5A92F2}.Debug|ARM.Deploy.0 = Debug|Any CPU
		{FC122078-8E10-4766-BB88-6A342D5A92F2}.Debug|iPhone.ActiveCfg = Debug|Any CPU
		{FC122078-8E10-4766-BB88-6A342D5A92F2}.Debug|iPhone.Build.0 = Debug|Any CPU
		{FC122078-8E10-4766-BB88-6A342D5A92F2}.Debug|iPhone.Deploy.0 = Debug|Any CPU
		{FC122078-8E10-4766-BB88-6A342D5A92F2}.Debug|iPhoneSimulator.ActiveCfg = Debug|Any CPU
		{FC122078-8E10-4766-BB88-6A342D5A92F2}.Debug|iPhoneSimulator.Build.0 = Debug|Any CPU
		{FC122078-8E10-4766-BB88-6A342D5A92F2}.Debug|iPhoneSimulator.Deploy.0 = Debug|Any CPU
		{FC122078-8E10-4766-BB88-6A342D5A92F2}.Debug|x64.ActiveCfg = Debug|Any CPU
		{FC122078-8E10-4766-BB88-6A342D5A92F2}.Debug|x64.Build.0 = Debug|Any CPU
		{FC122078-8E10-4766-BB88-6A342D5A92F2}.Debug|x64.Deploy.0 = Debug|Any CPU
		{FC122078-8E10-4766-BB88-6A342D5A92F2}.Debug|x86.ActiveCfg = Debug|Any CPU
		{FC122078-8E10-4766-BB88-6A342D5A92F2}.Debug|x86.Build.0 = Debug|Any CPU
		{FC122078-8E10-4766-BB88-6A342D5A92F2}.Debug|x86.Deploy.0 = Debug|Any CPU
		{FC122078-8E10-4766-BB88-6A342D5A92F2}.Release|Any CPU.ActiveCfg = Release|Any CPU
		{FC122078-8E10-4766-BB88-6A342D5A92F2}.Release|Any CPU.Build.0 = Release|Any CPU
		{FC122078-8E10-4766-BB88-6A342D5A92F2}.Release|Any CPU.Deploy.0 = Release|Any CPU
		{FC122078-8E10-4766-BB88-6A342D5A92F2}.Release|ARM.ActiveCfg = Release|Any CPU
		{FC122078-8E10-4766-BB88-6A342D5A92F2}.Release|ARM.Build.0 = Release|Any CPU
		{FC122078-8E10-4766-BB88-6A342D5A92F2}.Release|ARM.Deploy.0 = Release|Any CPU
		{FC122078-8E10-4766-BB88-6A342D5A92F2}.Release|iPhone.ActiveCfg = Release|Any CPU
		{FC122078-8E10-4766-BB88-6A342D5A92F2}.Release|iPhone.Build.0 = Release|Any CPU
		{FC122078-8E10-4766-BB88-6A342D5A92F2}.Release|iPhone.Deploy.0 = Release|Any CPU
		{FC122078-8E10-4766-BB88-6A342D5A92F2}.Release|iPhoneSimulator.ActiveCfg = Release|Any CPU
		{FC122078-8E10-4766-BB88-6A342D5A92F2}.Release|iPhoneSimulator.Build.0 = Release|Any CPU
		{FC122078-8E10-4766-BB88-6A342D5A92F2}.Release|iPhoneSimulator.Deploy.0 = Release|Any CPU
		{FC122078-8E10-4766-BB88-6A342D5A92F2}.Release|x64.ActiveCfg = Release|Any CPU
		{FC122078-8E10-4766-BB88-6A342D5A92F2}.Release|x64.Build.0 = Release|Any CPU
		{FC122078-8E10-4766-BB88-6A342D5A92F2}.Release|x64.Deploy.0 = Release|Any CPU
		{FC122078-8E10-4766-BB88-6A342D5A92F2}.Release|x86.ActiveCfg = Release|Any CPU
		{FC122078-8E10-4766-BB88-6A342D5A92F2}.Release|x86.Build.0 = Release|Any CPU
		{FC122078-8E10-4766-BB88-6A342D5A92F2}.Release|x86.Deploy.0 = Release|Any CPU
	EndGlobalSection
	GlobalSection(SolutionProperties) = preSolution
		HideSolutionNode = FALSE
	EndGlobalSection
	GlobalSection(ExtensibilityGlobals) = postSolution
		SolutionGuid = {14825C90-A0FB-42D9-8D45-2D3A1DDA366B}
	EndGlobalSection
EndGlobal
